
Microsoft Visual Studio Solution File, Format Version 12.00
# Visual Studio 2013
VisualStudioVersion = 12.0.21005.1
MinimumVisualStudioVersion = 10.0.40219.1
Project("{FAE04EC0-301F-11D3-BF4B-00C04F79EFBC}") = "NavigationReihe", "NavigationReihe\NavigationReihe.csproj", "{BAC30CEA-B276-403D-B342-50BF4CB6B8BC}"
EndProject
Global
	GlobalSection(SolutionConfigurationPlatforms) = preSolution
		Debug|Any CPU = Debug|Any CPU
		Release|Any CPU = Release|Any CPU
	EndGlobalSection
	GlobalSection(ProjectConfigurationPlatforms) = postSolution
		{BAC30CEA-B276-403D-B342-50BF4CB6B8BC}.Debug|Any CPU.ActiveCfg = Debug|Any CPU
		{BAC30CEA-B276-403D-B342-50BF4CB6B8BC}.Debug|Any CPU.Build.0 = Debug|Any CPU
		{BAC30CEA-B276-403D-B342-50BF4CB6B8BC}.Release|Any CPU.ActiveCfg = Release|Any CPU
		{BAC30CEA-B276-403D-B342-50BF4CB6B8BC}.Release|Any CPU.Build.0 = Release|Any CPU
	EndGlobalSection
	GlobalSection(SolutionProperties) = preSolution
		HideSolutionNode = FALSE
	EndGlobalSection
EndGlobal
