
Microsoft Visual Studio Solution File, Format Version 12.00
# Visual Studio Express 2013 for Windows Desktop
VisualStudioVersion = 12.0.21005.1
MinimumVisualStudioVersion = 10.0.40219.1
Project("{FAE04EC0-301F-11D3-BF4B-00C04F79EFBC}") = "GameOfLife", "GameOfLife.csproj", "{07785F00-64C6-45D1-8B69-A46FB5E79979}"
EndProject
Project("{FAE04EC0-301F-11D3-BF4B-00C04F79EFBC}") = "GameOfLifeGUI", "..\GameOfLifeGUI\GameOfLifeGUI.csproj", "{0C31FF24-C6CD-471F-982A-6DC39760C0B7}"
EndProject
Global
	GlobalSection(SolutionConfigurationPlatforms) = preSolution
		Debug|Any CPU = Debug|Any CPU
		Release|Any CPU = Release|Any CPU
	EndGlobalSection
	GlobalSection(ProjectConfigurationPlatforms) = postSolution
		{07785F00-64C6-45D1-8B69-A46FB5E79979}.Debug|Any CPU.ActiveCfg = Debug|Any CPU
		{07785F00-64C6-45D1-8B69-A46FB5E79979}.Debug|Any CPU.Build.0 = Debug|Any CPU
		{07785F00-64C6-45D1-8B69-A46FB5E79979}.Release|Any CPU.ActiveCfg = Release|Any CPU
		{07785F00-64C6-45D1-8B69-A46FB5E79979}.Release|Any CPU.Build.0 = Release|Any CPU
		{0C31FF24-C6CD-471F-982A-6DC39760C0B7}.Debug|Any CPU.ActiveCfg = Debug|Any CPU
		{0C31FF24-C6CD-471F-982A-6DC39760C0B7}.Debug|Any CPU.Build.0 = Debug|Any CPU
		{0C31FF24-C6CD-471F-982A-6DC39760C0B7}.Release|Any CPU.ActiveCfg = Release|Any CPU
		{0C31FF24-C6CD-471F-982A-6DC39760C0B7}.Release|Any CPU.Build.0 = Release|Any CPU
	EndGlobalSection
	GlobalSection(SolutionProperties) = preSolution
		HideSolutionNode = FALSE
	EndGlobalSection
EndGlobal
